
Microsoft Visual Studio Solution File, Format Version 12.00
# Visual Studio 2013
VisualStudioVersion = 12.0.21005.1
MinimumVisualStudioVersion = 10.0.40219.1
Project("{FAE04EC0-301F-11D3-BF4B-00C04F79EFBC}") = "NETFrameworkDesign", "NETFrameworkDesign\NETFrameworkDesign.csproj", "{B8B628D6-558A-409A-9CCF-5901BD7EE4F2}"
EndProject
Project("{FAE04EC0-301F-11D3-BF4B-00C04F79EFBC}") = "01-2", "01-2\01-2.csproj", "{2EE92CAA-BCF9-493D-B9B1-F9577B01B76E}"
EndProject
Project("{FAE04EC0-301F-11D3-BF4B-00C04F79EFBC}") = "01-3", "01-3\01-3.csproj", "{1921B69C-C0A9-4FD9-A633-1477822C4EE2}"
EndProject
Project("{FAE04EC0-301F-11D3-BF4B-00C04F79EFBC}") = "01-4 delegate", "01-4 delegate\01-4 delegate.csproj", "{09AF1D85-53A1-40A4-81E4-21C24ABE2D3E}"
EndProject
Global
	GlobalSection(SolutionConfigurationPlatforms) = preSolution
		Debug|Any CPU = Debug|Any CPU
		Release|Any CPU = Release|Any CPU
	EndGlobalSection
	GlobalSection(ProjectConfigurationPlatforms) = postSolution
		{B8B628D6-558A-409A-9CCF-5901BD7EE4F2}.Debug|Any CPU.ActiveCfg = Debug|Any CPU
		{B8B628D6-558A-409A-9CCF-5901BD7EE4F2}.Debug|Any CPU.Build.0 = Debug|Any CPU
		{B8B628D6-558A-409A-9CCF-5901BD7EE4F2}.Release|Any CPU.ActiveCfg = Release|Any CPU
		{B8B628D6-558A-409A-9CCF-5901BD7EE4F2}.Release|Any CPU.Build.0 = Release|Any CPU
		{2EE92CAA-BCF9-493D-B9B1-F9577B01B76E}.Debug|Any CPU.ActiveCfg = Debug|Any CPU
		{2EE92CAA-BCF9-493D-B9B1-F9577B01B76E}.Debug|Any CPU.Build.0 = Debug|Any CPU
		{2EE92CAA-BCF9-493D-B9B1-F9577B01B76E}.Release|Any CPU.ActiveCfg = Release|Any CPU
		{2EE92CAA-BCF9-493D-B9B1-F9577B01B76E}.Release|Any CPU.Build.0 = Release|Any CPU
		{1921B69C-C0A9-4FD9-A633-1477822C4EE2}.Debug|Any CPU.ActiveCfg = Debug|Any CPU
		{1921B69C-C0A9-4FD9-A633-1477822C4EE2}.Debug|Any CPU.Build.0 = Debug|Any CPU
		{1921B69C-C0A9-4FD9-A633-1477822C4EE2}.Release|Any CPU.ActiveCfg = Release|Any CPU
		{1921B69C-C0A9-4FD9-A633-1477822C4EE2}.Release|Any CPU.Build.0 = Release|Any CPU
		{09AF1D85-53A1-40A4-81E4-21C24ABE2D3E}.Debug|Any CPU.ActiveCfg = Debug|Any CPU
		{09AF1D85-53A1-40A4-81E4-21C24ABE2D3E}.Debug|Any CPU.Build.0 = Debug|Any CPU
		{09AF1D85-53A1-40A4-81E4-21C24ABE2D3E}.Release|Any CPU.ActiveCfg = Release|Any CPU
		{09AF1D85-53A1-40A4-81E4-21C24ABE2D3E}.Release|Any CPU.Build.0 = Release|Any CPU
	EndGlobalSection
	GlobalSection(SolutionProperties) = preSolution
		HideSolutionNode = FALSE
	EndGlobalSection
EndGlobal
